
Microsoft Visual Studio Solution File, Format Version 12.00
# Visual Studio 15
VisualStudioVersion = 15.0.27703.2026
MinimumVisualStudioVersion = 10.0.40219.1
Project("{FAE04EC0-301F-11D3-BF4B-00C04F79EFBC}") = "AccessSPList", "AccessSPList\AccessSPList.csproj", "{65147E05-D45F-448A-A7AE-09D613C6A6CB}"
EndProject
Global
	GlobalSection(SolutionConfigurationPlatforms) = preSolution
		Debug|Any CPU = Debug|Any CPU
		Release|Any CPU = Release|Any CPU
	EndGlobalSection
	GlobalSection(ProjectConfigurationPlatforms) = postSolution
		{65147E05-D45F-448A-A7AE-09D613C6A6CB}.Debug|Any CPU.ActiveCfg = Debug|Any CPU
		{65147E05-D45F-448A-A7AE-09D613C6A6CB}.Debug|Any CPU.Build.0 = Debug|Any CPU
		{65147E05-D45F-448A-A7AE-09D613C6A6CB}.Release|Any CPU.ActiveCfg = Release|Any CPU
		{65147E05-D45F-448A-A7AE-09D613C6A6CB}.Release|Any CPU.Build.0 = Release|Any CPU
	EndGlobalSection
	GlobalSection(SolutionProperties) = preSolution
		HideSolutionNode = FALSE
	EndGlobalSection
	GlobalSection(ExtensibilityGlobals) = postSolution
		SolutionGuid = {54765867-1555-492F-AEFB-7203F20FD190}
	EndGlobalSection
EndGlobal
